// !$*UTF8*$!
{
	archiveVersion = 1;
	classes = {
	};
	objectVersion = 46;
	objects = {

/* Begin PBXBuildFile section */
		BCA46D6D1BFF7CE500F04E5A /* mouse 128.png in Resources */ = {isa = PBXBuildFile; fileRef = BCA46D631BFF7CE500F04E5A /* mouse 128.png */; };
		BCA46D6E1BFF7CE500F04E5A /* mouse 128@2x.png in Resources */ = {isa = PBXBuildFile; fileRef = BCA46D641BFF7CE500F04E5A /* mouse 128@2x.png */; };
		BCA46D6F1BFF7CE500F04E5A /* mouse 16.png in Resources */ = {isa = PBXBuildFile; fileRef = BCA46D651BFF7CE500F04E5A /* mouse 16.png */; };
		BCA46D701BFF7CE500F04E5A /* mouse 16@2x.png in Resources */ = {isa = PBXBuildFile; fileRef = BCA46D661BFF7CE500F04E5A /* mouse 16@2x.png */; };
		BCA46D711BFF7CE500F04E5A /* mouse 256.png in Resources */ = {isa = PBXBuildFile; fileRef = BCA46D671BFF7CE500F04E5A /* mouse 256.png */; };
		BCA46D721BFF7CE500F04E5A /* mouse 256@2x.png in Resources */ = {isa = PBXBuildFile; fileRef = BCA46D681BFF7CE500F04E5A /* mouse 256@2x.png */; };
		BCA46D731BFF7CE500F04E5A /* mouse 32.png in Resources */ = {isa = PBXBuildFile; fileRef = BCA46D691BFF7CE500F04E5A /* mouse 32.png */; };
		BCA46D741BFF7CE500F04E5A /* mouse 32@2x.png in Resources */ = {isa = PBXBuildFile; fileRef = BCA46D6A1BFF7CE500F04E5A /* mouse 32@2x.png */; };
		BCA46D751BFF7CE500F04E5A /* mouse 512.png in Resources */ = {isa = PBXBuildFile; fileRef = BCA46D6B1BFF7CE500F04E5A /* mouse 512.png */; };
		BCA46D761BFF7CE500F04E5A /* mouse.png in Resources */ = {isa = PBXBuildFile; fileRef = BCA46D6C1BFF7CE500F04E5A /* mouse.png */; };
		BCAF65AA1BE855D200662A1C /* QuartzCore.framework in Frameworks */ = {isa = PBXBuildFile; fileRef = BCAF65A91BE855D200662A1C /* QuartzCore.framework */; };
		BCB656D71C0421D0005C6DD1 /* TPPreciseTimer.m in Sources */ = {isa = PBXBuildFile; fileRef = BCB656D61C0421D0005C6DD1 /* TPPreciseTimer.m */; };
		BCCD56B01C08CEB600FC2946 /* Carbon.framework in Frameworks */ = {isa = PBXBuildFile; fileRef = BCCD56AF1C08CEB600FC2946 /* Carbon.framework */; };
		BCD0EC9C1C0949CE003E251D /* MouseWindow.m in Sources */ = {isa = PBXBuildFile; fileRef = BCD0EC9B1C0949CE003E251D /* MouseWindow.m */; };
		BCD9C8B71BE7DA0E0049007B /* AppDelegate.m in Sources */ = {isa = PBXBuildFile; fileRef = BCD9C8B61BE7DA0E0049007B /* AppDelegate.m */; };
		BCD9C8BA1BE7DA0E0049007B /* main.m in Sources */ = {isa = PBXBuildFile; fileRef = BCD9C8B91BE7DA0E0049007B /* main.m */; };
		BCD9C8BD1BE7DA0E0049007B /* ViewController.m in Sources */ = {isa = PBXBuildFile; fileRef = BCD9C8BC1BE7DA0E0049007B /* ViewController.m */; };
		BCD9C8BF1BE7DA0E0049007B /* Assets.xcassets in Resources */ = {isa = PBXBuildFile; fileRef = BCD9C8BE1BE7DA0E0049007B /* Assets.xcassets */; };
		BCD9C8C21BE7DA0E0049007B /* Main.storyboard in Resources */ = {isa = PBXBuildFile; fileRef = BCD9C8C01BE7DA0E0049007B /* Main.storyboard */; };
/* End PBXBuildFile section */

/* Begin PBXFileReference section */
		BCA46D631BFF7CE500F04E5A /* mouse 128.png */ = {isa = PBXFileReference; lastKnownFileType = image.png; path = "mouse 128.png"; sourceTree = "<group>"; };
		BCA46D641BFF7CE500F04E5A /* mouse 128@2x.png */ = {isa = PBXFileReference; lastKnownFileType = image.png; path = "mouse 128@2x.png"; sourceTree = "<group>"; };
		BCA46D651BFF7CE500F04E5A /* mouse 16.png */ = {isa = PBXFileReference; lastKnownFileType = image.png; path = "mouse 16.png"; sourceTree = "<group>"; };
		BCA46D661BFF7CE500F04E5A /* mouse 16@2x.png */ = {isa = PBXFileReference; lastKnownFileType = image.png; path = "mouse 16@2x.png"; sourceTree = "<group>"; };
		BCA46D671BFF7CE500F04E5A /* mouse 256.png */ = {isa = PBXFileReference; lastKnownFileType = image.png; path = "mouse 256.png"; sourceTree = "<group>"; };
		BCA46D681BFF7CE500F04E5A /* mouse 256@2x.png */ = {isa = PBXFileReference; lastKnownFileType = image.png; path = "mouse 256@2x.png"; sourceTree = "<group>"; };
		BCA46D691BFF7CE500F04E5A /* mouse 32.png */ = {isa = PBXFileReference; lastKnownFileType = image.png; path = "mouse 32.png"; sourceTree = "<group>"; };
		BCA46D6A1BFF7CE500F04E5A /* mouse 32@2x.png */ = {isa = PBXFileReference; lastKnownFileType = image.png; path = "mouse 32@2x.png"; sourceTree = "<group>"; };
		BCA46D6B1BFF7CE500F04E5A /* mouse 512.png */ = {isa = PBXFileReference; lastKnownFileType = image.png; path = "mouse 512.png"; sourceTree = "<group>"; };
		BCA46D6C1BFF7CE500F04E5A /* mouse.png */ = {isa = PBXFileReference; lastKnownFileType = image.png; path = mouse.png; sourceTree = "<group>"; };
		BCAF65A91BE855D200662A1C /* QuartzCore.framework */ = {isa = PBXFileReference; lastKnownFileType = wrapper.framework; name = QuartzCore.framework; path = System/Library/Frameworks/QuartzCore.framework; sourceTree = SDKROOT; };
		BCB656D51C0421D0005C6DD1 /* TPPreciseTimer.h */ = {isa = PBXFileReference; fileEncoding = 4; lastKnownFileType = sourcecode.c.h; path = TPPreciseTimer.h; sourceTree = "<group>"; };
		BCB656D61C0421D0005C6DD1 /* TPPreciseTimer.m */ = {isa = PBXFileReference; fileEncoding = 4; lastKnownFileType = sourcecode.c.objc; path = TPPreciseTimer.m; sourceTree = "<group>"; };
		BCCD56AF1C08CEB600FC2946 /* Carbon.framework */ = {isa = PBXFileReference; lastKnownFileType = wrapper.framework; name = Carbon.framework; path = System/Library/Frameworks/Carbon.framework; sourceTree = SDKROOT; };
		BCD0EC9A1C0949CE003E251D /* MouseWindow.h */ = {isa = PBXFileReference; fileEncoding = 4; lastKnownFileType = sourcecode.c.h; path = MouseWindow.h; sourceTree = "<group>"; };
		BCD0EC9B1C0949CE003E251D /* MouseWindow.m */ = {isa = PBXFileReference; fileEncoding = 4; lastKnownFileType = sourcecode.c.objc; path = MouseWindow.m; sourceTree = "<group>"; };
		BCD9C8B21BE7DA0E0049007B /* AutoMouse.app */ = {isa = PBXFileReference; explicitFileType = wrapper.application; includeInIndex = 0; path = AutoMouse.app; sourceTree = BUILT_PRODUCTS_DIR; };
		BCD9C8B51BE7DA0E0049007B /* AppDelegate.h */ = {isa = PBXFileReference; lastKnownFileType = sourcecode.c.h; path = AppDelegate.h; sourceTree = "<group>"; };
		BCD9C8B61BE7DA0E0049007B /* AppDelegate.m */ = {isa = PBXFileReference; lastKnownFileType = sourcecode.c.objc; path = AppDelegate.m; sourceTree = "<group>"; };
		BCD9C8B91BE7DA0E0049007B /* main.m */ = {isa = PBXFileReference; lastKnownFileType = sourcecode.c.objc; path = main.m; sourceTree = "<group>"; };
		BCD9C8BB1BE7DA0E0049007B /* ViewController.h */ = {isa = PBXFileReference; lastKnownFileType = sourcecode.c.h; path = ViewController.h; sourceTree = "<group>"; };
		BCD9C8BC1BE7DA0E0049007B /* ViewController.m */ = {isa = PBXFileReference; lastKnownFileType = sourcecode.c.objc; path = ViewController.m; sourceTree = "<group>"; };
		BCD9C8BE1BE7DA0E0049007B /* Assets.xcassets */ = {isa = PBXFileReference; lastKnownFileType = folder.assetcatalog; path = Assets.xcassets; sourceTree = "<group>"; };
		BCD9C8C11BE7DA0E0049007B /* Base */ = {isa = PBXFileReference; lastKnownFileType = file.storyboard; name = Base; path = Base.lproj/Main.storyboard; sourceTree = "<group>"; };
		BCD9C8C31BE7DA0E0049007B /* Info.plist */ = {isa = PBXFileReference; lastKnownFileType = text.plist.xml; path = Info.plist; sourceTree = "<group>"; };
/* End PBXFileReference section */

/* Begin PBXFrameworksBuildPhase section */
		BCD9C8AF1BE7DA0E0049007B /* Frameworks */ = {
			isa = PBXFrameworksBuildPhase;
			buildActionMask = 2147483647;
			files = (
				BCCD56B01C08CEB600FC2946 /* Carbon.framework in Frameworks */,
				BCAF65AA1BE855D200662A1C /* QuartzCore.framework in Frameworks */,
			);
			runOnlyForDeploymentPostprocessing = 0;
		};
/* End PBXFrameworksBuildPhase section */

/* Begin PBXGroup section */
		BCA46D621BFF7CE500F04E5A /* Image */ = {
			isa = PBXGroup;
			children = (
				BCA46D631BFF7CE500F04E5A /* mouse 128.png */,
				BCA46D641BFF7CE500F04E5A /* mouse 128@2x.png */,
				BCA46D651BFF7CE500F04E5A /* mouse 16.png */,
				BCA46D661BFF7CE500F04E5A /* mouse 16@2x.png */,
				BCA46D671BFF7CE500F04E5A /* mouse 256.png */,
				BCA46D681BFF7CE500F04E5A /* mouse 256@2x.png */,
				BCA46D691BFF7CE500F04E5A /* mouse 32.png */,
				BCA46D6A1BFF7CE500F04E5A /* mouse 32@2x.png */,
				BCA46D6B1BFF7CE500F04E5A /* mouse 512.png */,
				BCA46D6C1BFF7CE500F04E5A /* mouse.png */,
			);
			path = Image;
			sourceTree = "<group>";
		};
		BCD9C8A91BE7DA0E0049007B = {
			isa = PBXGroup;
			children = (
				BCCD56AF1C08CEB600FC2946 /* Carbon.framework */,
				BCAF65A91BE855D200662A1C /* QuartzCore.framework */,
				BCD9C8B41BE7DA0E0049007B /* AutoMouse */,
				BCD9C8B31BE7DA0E0049007B /* Products */,
			);
			sourceTree = "<group>";
		};
		BCD9C8B31BE7DA0E0049007B /* Products */ = {
			isa = PBXGroup;
			children = (
				BCD9C8B21BE7DA0E0049007B /* AutoMouse.app */,
			);
			name = Products;
			sourceTree = "<group>";
		};
		BCD9C8B41BE7DA0E0049007B /* AutoMouse */ = {
			isa = PBXGroup;
			children = (
				BCB656D51C0421D0005C6DD1 /* TPPreciseTimer.h */,
				BCB656D61C0421D0005C6DD1 /* TPPreciseTimer.m */,
				BCD9C8B51BE7DA0E0049007B /* AppDelegate.h */,
				BCD9C8B61BE7DA0E0049007B /* AppDelegate.m */,
				BCD9C8BB1BE7DA0E0049007B /* ViewController.h */,
				BCD9C8BC1BE7DA0E0049007B /* ViewController.m */,
				BCD9C8BE1BE7DA0E0049007B /* Assets.xcassets */,
				BCD9C8C01BE7DA0E0049007B /* Main.storyboard */,
				BCD9C8C31BE7DA0E0049007B /* Info.plist */,
				BCA46D621BFF7CE500F04E5A /* Image */,
				BCD9C8B81BE7DA0E0049007B /* Supporting Files */,
				BCD0EC9A1C0949CE003E251D /* MouseWindow.h */,
				BCD0EC9B1C0949CE003E251D /* MouseWindow.m */,
			);
			path = AutoMouse;
			sourceTree = "<group>";
		};
		BCD9C8B81BE7DA0E0049007B /* Supporting Files */ = {
			isa = PBXGroup;
			children = (
				BCD9C8B91BE7DA0E0049007B /* main.m */,
			);
			name = "Supporting Files";
			sourceTree = "<group>";
		};
/* End PBXGroup section */

/* Begin PBXNativeTarget section */
		BCD9C8B11BE7DA0E0049007B /* AutoMouse */ = {
			isa = PBXNativeTarget;
			buildConfigurationList = BCD9C8C61BE7DA0E0049007B /* Build configuration list for PBXNativeTarget "AutoMouse" */;
			buildPhases = (
				BCD9C8AE1BE7DA0E0049007B /* Sources */,
				BCD9C8AF1BE7DA0E0049007B /* Frameworks */,
				BCD9C8B01BE7DA0E0049007B /* Resources */,
			);
			buildRules = (
			);
			dependencies = (
			);
			name = AutoMouse;
			productName = AutoMouse;
			productReference = BCD9C8B21BE7DA0E0049007B /* AutoMouse.app */;
			productType = "com.apple.product-type.application";
		};
/* End PBXNativeTarget section */

/* Begin PBXProject section */
		BCD9C8AA1BE7DA0E0049007B /* Project object */ = {
			isa = PBXProject;
			attributes = {
				LastUpgradeCheck = 1100;
				ORGANIZATIONNAME = "EDSS Global";
				TargetAttributes = {
					BCD9C8B11BE7DA0E0049007B = {
						CreatedOnToolsVersion = 7.1;
					};
				};
			};
			buildConfigurationList = BCD9C8AD1BE7DA0E0049007B /* Build configuration list for PBXProject "AutoMouse" */;
			compatibilityVersion = "Xcode 3.2";
			developmentRegion = en;
			hasScannedForEncodings = 0;
			knownRegions = (
				en,
				Base,
			);
			mainGroup = BCD9C8A91BE7DA0E0049007B;
			productRefGroup = BCD9C8B31BE7DA0E0049007B /* Products */;
			projectDirPath = "";
			projectRoot = "";
			targets = (
				BCD9C8B11BE7DA0E0049007B /* AutoMouse */,
			);
		};
/* End PBXProject section */

/* Begin PBXResourcesBuildPhase section */
		BCD9C8B01BE7DA0E0049007B /* Resources */ = {
			isa = PBXResourcesBuildPhase;
			buildActionMask = 2147483647;
			files = (
				BCA46D6F1BFF7CE500F04E5A /* mouse 16.png in Resources */,
				BCA46D751BFF7CE500F04E5A /* mouse 512.png in Resources */,
				BCA46D711BFF7CE500F04E5A /* mouse 256.png in Resources */,
				BCD9C8BF1BE7DA0E0049007B /* Assets.xcassets in Resources */,
				BCA46D721BFF7CE500F04E5A /* mouse 256@2x.png in Resources */,
				BCA46D761BFF7CE500F04E5A /* mouse.png in Resources */,
				BCA46D6E1BFF7CE500F04E5A /* mouse 128@2x.png in Resources */,
				BCA46D731BFF7CE500F04E5A /* mouse 32.png in Resources */,
				BCA46D741BFF7CE500F04E5A /* mouse 32@2x.png in Resources */,
				BCD9C8C21BE7DA0E0049007B /* Main.storyboard in Resources */,
				BCA46D701BFF7CE500F04E5A /* mouse 16@2x.png in Resources */,
				BCA46D6D1BFF7CE500F04E5A /* mouse 128.png in Resources */,
			);
			runOnlyForDeploymentPostprocessing = 0;
		};
/* End PBXResourcesBuildPhase section */

/* Begin PBXSourcesBuildPhase section */
		BCD9C8AE1BE7DA0E0049007B /* Sources */ = {
			isa = PBXSourcesBuildPhase;
			buildActionMask = 2147483647;
			files = (
				BCD9C8BD1BE7DA0E0049007B /* ViewController.m in Sources */,
				BCD9C8BA1BE7DA0E0049007B /* main.m in Sources */,
				BCD0EC9C1C0949CE003E251D /* MouseWindow.m in Sources */,
				BCD9C8B71BE7DA0E0049007B /* AppDelegate.m in Sources */,
				BCB656D71C0421D0005C6DD1 /* TPPreciseTimer.m in Sources */,
			);
			runOnlyForDeploymentPostprocessing = 0;
		};
/* End PBXSourcesBuildPhase section */

/* Begin PBXVariantGroup section */
		BCD9C8C01BE7DA0E0049007B /* Main.storyboard */ = {
			isa = PBXVariantGroup;
			children = (
				BCD9C8C11BE7DA0E0049007B /* Base */,
			);
			name = Main.storyboard;
			sourceTree = "<group>";
		};
/* End PBXVariantGroup section */

/* Begin XCBuildConfiguration section */
		BCD9C8C41BE7DA0E0049007B /* Debug */ = {
			isa = XCBuildConfiguration;
			buildSettings = {
				ALWAYS_SEARCH_USER_PATHS = NO;
				CLANG_CXX_LANGUAGE_STANDARD = "gnu++0x";
				CLANG_CXX_LIBRARY = "libc++";
				CLANG_ENABLE_MODULES = YES;
				CLANG_ENABLE_OBJC_ARC = YES;
				CLANG_WARN_BLOCK_CAPTURE_AUTORELEASING = YES;
				CLANG_WARN_BOOL_CONVERSION = YES;
				CLANG_WARN_COMMA = YES;
				CLANG_WARN_CONSTANT_CONVERSION = YES;
				CLANG_WARN_DEPRECATED_OBJC_IMPLEMENTATIONS = YES;
				CLANG_WARN_DIRECT_OBJC_ISA_USAGE = YES_ERROR;
				CLANG_WARN_EMPTY_BODY = YES;
				CLANG_WARN_ENUM_CONVERSION = YES;
				CLANG_WARN_INFINITE_RECURSION = YES;
				CLANG_WARN_INT_CONVERSION = YES;
				CLANG_WARN_NON_LITERAL_NULL_CONVERSION = YES;
				CLANG_WARN_OBJC_IMPLICIT_RETAIN_SELF = YES;
				CLANG_WARN_OBJC_LITERAL_CONVERSION = YES;
				CLANG_WARN_OBJC_ROOT_CLASS = YES_ERROR;
				CLANG_WARN_RANGE_LOOP_ANALYSIS = YES;
				CLANG_WARN_STRICT_PROTOTYPES = YES;
				CLANG_WARN_SUSPICIOUS_MOVE = YES;
				CLANG_WARN_UNREACHABLE_CODE = YES;
				CLANG_WARN__DUPLICATE_METHOD_MATCH = YES;
				CODE_SIGN_IDENTITY = "-";
				COPY_PHASE_STRIP = NO;
				DEBUG_INFORMATION_FORMAT = dwarf;
				ENABLE_STRICT_OBJC_MSGSEND = YES;
				ENABLE_TESTABILITY = YES;
				GCC_C_LANGUAGE_STANDARD = gnu99;
				GCC_DYNAMIC_NO_PIC = NO;
				GCC_NO_COMMON_BLOCKS = YES;
				GCC_OPTIMIZATION_LEVEL = 0;
				GCC_PREPROCESSOR_DEFINITIONS = (
					"DEBUG=1",
					"$(inherited)",
				);
				GCC_WARN_64_TO_32_BIT_CONVERSION = YES;
				GCC_WARN_ABOUT_RETURN_TYPE = YES_ERROR;
				GCC_WARN_UNDECLARED_SELECTOR = YES;
				GCC_WARN_UNINITIALIZED_AUTOS = YES_AGGRESSIVE;
				GCC_WARN_UNUSED_FUNCTION = YES;
				GCC_WARN_UNUSED_VARIABLE = YES;
				MACOSX_DEPLOYMENT_TARGET = 10.11;
				MTL_ENABLE_DEBUG_INFO = YES;
				ONLY_ACTIVE_ARCH = YES;
				SDKROOT = macosx;
			};
			name = Debug;
		};
		BCD9C8C51BE7DA0E0049007B /* Release */ = {
			isa = XCBuildConfiguration;
			buildSettings = {
				ALWAYS_SEARCH_USER_PATHS = NO;
				CLANG_CXX_LANGUAGE_STANDARD = "gnu++0x";
				CLANG_CXX_LIBRARY = "libc++";
				CLANG_ENABLE_MODULES = YES;
				CLANG_ENABLE_OBJC_ARC = YES;
				CLANG_WARN_BLOCK_CAPTURE_AUTORELEASING = YES;
				CLANG_WARN_BOOL_CONVERSION = YES;
				CLANG_WARN_COMMA = YES;
				CLANG_WARN_CONSTANT_CONVERSION = YES;
				CLANG_WARN_DEPRECATED_OBJC_IMPLEMENTATIONS = YES;
				CLANG_WARN_DIRECT_OBJC_ISA_USAGE = YES_ERROR;
				CLANG_WARN_EMPTY_BODY = YES;
				CLANG_WARN_ENUM_CONVERSION = YES;
				CLANG_WARN_INFINITE_RECURSION = YES;
				CLANG_WARN_INT_CONVERSION = YES;
				CLANG_WARN_NON_LITERAL_NULL_CONVERSION = YES;
				CLANG_WARN_OBJC_IMPLICIT_RETAIN_SELF = YES;
				CLANG_WARN_OBJC_LITERAL_CONVERSION = YES;
				CLANG_WARN_OBJC_ROOT_CLASS = YES_ERROR;
				CLANG_WARN_RANGE_LOOP_ANALYSIS = YES;
				CLANG_WARN_STRICT_PROTOTYPES = YES;
				CLANG_WARN_SUSPICIOUS_MOVE = YES;
				CLANG_WARN_UNREACHABLE_CODE = YES;
				CLANG_WARN__DUPLICATE_METHOD_MATCH = YES;
				CODE_SIGN_IDENTITY = "-";
				COPY_PHASE_STRIP = NO;
				DEBUG_INFORMATION_FORMAT = "dwarf-with-dsym";
				ENABLE_NS_ASSERTIONS = NO;
				ENABLE_STRICT_OBJC_MSGSEND = YES;
				GCC_C_LANGUAGE_STANDARD = gnu99;
				GCC_NO_COMMON_BLOCKS = YES;
				GCC_WARN_64_TO_32_BIT_CONVERSION = YES;
				GCC_WARN_ABOUT_RETURN_TYPE = YES_ERROR;
				GCC_WARN_UNDECLARED_SELECTOR = YES;
				GCC_WARN_UNINITIALIZED_AUTOS = YES_AGGRESSIVE;
				GCC_WARN_UNUSED_FUNCTION = YES;
				GCC_WARN_UNUSED_VARIABLE = YES;
				MACOSX_DEPLOYMENT_TARGET = 10.11;
				MTL_ENABLE_DEBUG_INFO = NO;
				SDKROOT = macosx;
			};
			name = Release;
		};
		BCD9C8C71BE7DA0E0049007B /* Debug */ = {
			isa = XCBuildConfiguration;
			buildSettings = {
				ASSETCATALOG_COMPILER_APPICON_NAME = AppIcon;
				CODE_SIGN_IDENTITY = "-";
				COMBINE_HIDPI_IMAGES = YES;
				INFOPLIST_FILE = AutoMouse/Info.plist;
				LD_RUNPATH_SEARCH_PATHS = "$(inherited) @executable_path/../Frameworks";
				MACOSX_DEPLOYMENT_TARGET = 10.10;
				PRODUCT_BUNDLE_IDENTIFIER = com.edssglobal.AutoMouse;
				PRODUCT_NAME = "$(TARGET_NAME)";
			};
			name = Debug;
		};
		BCD9C8C81BE7DA0E0049007B /* Release */ = {
			isa = XCBuildConfiguration;
			buildSettings = {
				ASSETCATALOG_COMPILER_APPICON_NAME = AppIcon;
				CODE_SIGN_IDENTITY = "-";
				COMBINE_HIDPI_IMAGES = YES;
				INFOPLIST_FILE = AutoMouse/Info.plist;
				LD_RUNPATH_SEARCH_PATHS = "$(inherited) @executable_path/../Frameworks";
				MACOSX_DEPLOYMENT_TARGET = 10.10;
				PRODUCT_BUNDLE_IDENTIFIER = com.edssglobal.AutoMouse;
				PRODUCT_NAME = "$(TARGET_NAME)";
			};
			name = Release;
		};
/* End XCBuildConfiguration section */

/* Begin XCConfigurationList section */
		BCD9C8AD1BE7DA0E0049007B /* Build configuration list for PBXProject "AutoMouse" */ = {
			isa = XCConfigurationList;
			buildConfigurations = (
				BCD9C8C41BE7DA0E0049007B /* Debug */,
				BCD9C8C51BE7DA0E0049007B /* Release */,
			);
			defaultConfigurationIsVisible = 0;
			defaultConfigurationName = Release;
		};
		BCD9C8C61BE7DA0E0049007B /* Build configuration list for PBXNativeTarget "AutoMouse" */ = {
			isa = XCConfigurationList;
			buildConfigurations = (
				BCD9C8C71BE7DA0E0049007B /* Debug */,
				BCD9C8C81BE7DA0E0049007B /* Release */,
			);
			defaultConfigurationIsVisible = 0;
			defaultConfigurationName = Release;
		};
/* End XCConfigurationList section */
	};
	rootObject = BCD9C8AA1BE7DA0E0049007B /* Project object */;
}
